
Microsoft Visual Studio Solution File, Format Version 12.00
# Visual Studio Version 17
VisualStudioVersion = 17.10.35122.118
MinimumVisualStudioVersion = 10.0.40219.1
Project("{8BC9CEB8-8B4A-11D0-8D11-00A0C91BC942}") = "Backend", "Backend\Backend.vcxitems", "{6227CA63-D2C0-4BC2-A573-6C8B3748A5D7}"
EndProject
Project("{8BC9CEB8-8B4A-11D0-8D11-00A0C91BC942}") = "Game", "Game\Game.vcxproj", "{FCDD8DFC-9F09-4441-A46E-3D53A6A3CCA3}"
EndProject
Global
	GlobalSection(SolutionConfigurationPlatforms) = preSolution
		Debug|x64 = Debug|x64
		Debug|x86 = Debug|x86
		Release|x64 = Release|x64
		Release|x86 = Release|x86
	EndGlobalSection
	GlobalSection(ProjectConfigurationPlatforms) = postSolution
		{FCDD8DFC-9F09-4441-A46E-3D53A6A3CCA3}.Debug|x64.ActiveCfg = Debug|x64
		{FCDD8DFC-9F09-4441-A46E-3D53A6A3CCA3}.Debug|x64.Build.0 = Debug|x64
		{FCDD8DFC-9F09-4441-A46E-3D53A6A3CCA3}.Debug|x86.ActiveCfg = Debug|Win32
		{FCDD8DFC-9F09-4441-A46E-3D53A6A3CCA3}.Debug|x86.Build.0 = Debug|Win32
		{FCDD8DFC-9F09-4441-A46E-3D53A6A3CCA3}.Release|x64.ActiveCfg = Release|x64
		{FCDD8DFC-9F09-4441-A46E-3D53A6A3CCA3}.Release|x64.Build.0 = Release|x64
		{FCDD8DFC-9F09-4441-A46E-3D53A6A3CCA3}.Release|x86.ActiveCfg = Release|Win32
		{FCDD8DFC-9F09-4441-A46E-3D53A6A3CCA3}.Release|x86.Build.0 = Release|Win32
	EndGlobalSection
	GlobalSection(SolutionProperties) = preSolution
		HideSolutionNode = FALSE
	EndGlobalSection
	GlobalSection(ExtensibilityGlobals) = postSolution
		SolutionGuid = {27AC423C-F8D3-4304-826B-4AA351B30874}
	EndGlobalSection
	GlobalSection(SharedMSBuildProjectFiles) = preSolution
		Backend\Backend.vcxitems*{6227ca63-d2c0-4bc2-a573-6c8b3748a5d7}*SharedItemsImports = 9
		Backend\Backend.vcxitems*{fcdd8dfc-9f09-4441-a46e-3d53a6a3cca3}*SharedItemsImports = 4
	EndGlobalSection
EndGlobal
